
Microsoft Visual Studio Solution File, Format Version 12.00
# Visual Studio Version 17
VisualStudioVersion = 17.5.002.0
MinimumVisualStudioVersion = 10.0.40219.1
Project("{9A19103F-16F7-4668-BE54-9A1E7A4F7556}") = "BryantAMiniChallenge2_Endpoint", "BryantAMiniChallenge2_Endpoint.csproj", "{F25D6A91-314A-4EA3-8AFD-4A68E8884CFC}"
EndProject
Global
	GlobalSection(SolutionConfigurationPlatforms) = preSolution
		Debug|Any CPU = Debug|Any CPU
		Release|Any CPU = Release|Any CPU
	EndGlobalSection
	GlobalSection(ProjectConfigurationPlatforms) = postSolution
		{F25D6A91-314A-4EA3-8AFD-4A68E8884CFC}.Debug|Any CPU.ActiveCfg = Debug|Any CPU
		{F25D6A91-314A-4EA3-8AFD-4A68E8884CFC}.Debug|Any CPU.Build.0 = Debug|Any CPU
		{F25D6A91-314A-4EA3-8AFD-4A68E8884CFC}.Release|Any CPU.ActiveCfg = Release|Any CPU
		{F25D6A91-314A-4EA3-8AFD-4A68E8884CFC}.Release|Any CPU.Build.0 = Release|Any CPU
	EndGlobalSection
	GlobalSection(SolutionProperties) = preSolution
		HideSolutionNode = FALSE
	EndGlobalSection
	GlobalSection(ExtensibilityGlobals) = postSolution
		SolutionGuid = {F93266D5-B043-4712-98B7-1AA3D8BCCDF5}
	EndGlobalSection
EndGlobal
